// !$*UTF8*$!
{
	archiveVersion = 1;
	classes = {
	};
	objectVersion = 46;
	objects = {

/* Begin PBXBuildFile section */
		C3B543FF1F02937F000128D3 /* InstallButton.m in Sources */ = {isa = PBXBuildFile; fileRef = C3B543FE1F02937F000128D3 /* InstallButton.m */; };
		D01EA8AB1EFCCD9D006FB508 /* main.m in Sources */ = {isa = PBXBuildFile; fileRef = D01EA8AA1EFCCD9D006FB508 /* main.m */; };
		D01EA8AE1EFCCD9D006FB508 /* AppDelegate.m in Sources */ = {isa = PBXBuildFile; fileRef = D01EA8AD1EFCCD9D006FB508 /* AppDelegate.m */; };
		D01EA8B11EFCCD9D006FB508 /* ViewController.m in Sources */ = {isa = PBXBuildFile; fileRef = D01EA8B01EFCCD9D006FB508 /* ViewController.m */; };
		D01EA8B41EFCCD9D006FB508 /* Main.storyboard in Resources */ = {isa = PBXBuildFile; fileRef = D01EA8B21EFCCD9D006FB508 /* Main.storyboard */; };
		D01EA8B61EFCCD9D006FB508 /* Assets.xcassets in Resources */ = {isa = PBXBuildFile; fileRef = D01EA8B51EFCCD9D006FB508 /* Assets.xcassets */; };
		D01EA8C41EFCCD9D006FB508 /* App_InstallerTests.m in Sources */ = {isa = PBXBuildFile; fileRef = D01EA8C31EFCCD9D006FB508 /* App_InstallerTests.m */; };
		D01EA8CF1EFCCD9D006FB508 /* App_InstallerUITests.m in Sources */ = {isa = PBXBuildFile; fileRef = D01EA8CE1EFCCD9D006FB508 /* App_InstallerUITests.m */; };
		D03166801EFCD62400E8EB77 /* general.plist in Resources */ = {isa = PBXBuildFile; fileRef = D031667F1EFCD62400E8EB77 /* general.plist */; };
		D055E2121F05C00D00421536 /* TwitterButtons.m in Sources */ = {isa = PBXBuildFile; fileRef = D055E2111F05C00D00421536 /* TwitterButtons.m */; };
/* End PBXBuildFile section */

/* Begin PBXContainerItemProxy section */
		D01EA8C01EFCCD9D006FB508 /* PBXContainerItemProxy */ = {
			isa = PBXContainerItemProxy;
			containerPortal = D01EA89E1EFCCD9D006FB508 /* Project object */;
			proxyType = 1;
			remoteGlobalIDString = D01EA8A51EFCCD9D006FB508;
			remoteInfo = "App Installer";
		};
		D01EA8CB1EFCCD9D006FB508 /* PBXContainerItemProxy */ = {
			isa = PBXContainerItemProxy;
			containerPortal = D01EA89E1EFCCD9D006FB508 /* Project object */;
			proxyType = 1;
			remoteGlobalIDString = D01EA8A51EFCCD9D006FB508;
			remoteInfo = "App Installer";
		};
/* End PBXContainerItemProxy section */

/* Begin PBXFileReference section */
		C3B543FD1F02937F000128D3 /* InstallButton.h */ = {isa = PBXFileReference; lastKnownFileType = sourcecode.c.h; path = InstallButton.h; sourceTree = "<group>"; };
		C3B543FE1F02937F000128D3 /* InstallButton.m */ = {isa = PBXFileReference; lastKnownFileType = sourcecode.c.objc; path = InstallButton.m; sourceTree = "<group>"; };
		D01EA8A61EFCCD9D006FB508 /* App Installer.app */ = {isa = PBXFileReference; explicitFileType = wrapper.application; includeInIndex = 0; path = "App Installer.app"; sourceTree = BUILT_PRODUCTS_DIR; };
		D01EA8AA1EFCCD9D006FB508 /* main.m */ = {isa = PBXFileReference; lastKnownFileType = sourcecode.c.objc; path = main.m; sourceTree = "<group>"; };
		D01EA8AC1EFCCD9D006FB508 /* AppDelegate.h */ = {isa = PBXFileReference; lastKnownFileType = sourcecode.c.h; path = AppDelegate.h; sourceTree = "<group>"; };
		D01EA8AD1EFCCD9D006FB508 /* AppDelegate.m */ = {isa = PBXFileReference; lastKnownFileType = sourcecode.c.objc; path = AppDelegate.m; sourceTree = "<group>"; };
		D01EA8AF1EFCCD9D006FB508 /* ViewController.h */ = {isa = PBXFileReference; lastKnownFileType = sourcecode.c.h; path = ViewController.h; sourceTree = "<group>"; };
		D01EA8B01EFCCD9D006FB508 /* ViewController.m */ = {isa = PBXFileReference; lastKnownFileType = sourcecode.c.objc; path = ViewController.m; sourceTree = "<group>"; };
		D01EA8B31EFCCD9D006FB508 /* Base */ = {isa = PBXFileReference; lastKnownFileType = file.storyboard; name = Base; path = Base.lproj/Main.storyboard; sourceTree = "<group>"; };
		D01EA8B51EFCCD9D006FB508 /* Assets.xcassets */ = {isa = PBXFileReference; lastKnownFileType = folder.assetcatalog; path = Assets.xcassets; sourceTree = "<group>"; };
		D01EA8BA1EFCCD9D006FB508 /* Info.plist */ = {isa = PBXFileReference; lastKnownFileType = text.plist.xml; path = Info.plist; sourceTree = "<group>"; };
		D01EA8BF1EFCCD9D006FB508 /* App InstallerTests.xctest */ = {isa = PBXFileReference; explicitFileType = wrapper.cfbundle; includeInIndex = 0; path = "App InstallerTests.xctest"; sourceTree = BUILT_PRODUCTS_DIR; };
		D01EA8C31EFCCD9D006FB508 /* App_InstallerTests.m */ = {isa = PBXFileReference; lastKnownFileType = sourcecode.c.objc; path = App_InstallerTests.m; sourceTree = "<group>"; };
		D01EA8C51EFCCD9D006FB508 /* Info.plist */ = {isa = PBXFileReference; lastKnownFileType = text.plist.xml; path = Info.plist; sourceTree = "<group>"; };
		D01EA8CA1EFCCD9D006FB508 /* App InstallerUITests.xctest */ = {isa = PBXFileReference; explicitFileType = wrapper.cfbundle; includeInIndex = 0; path = "App InstallerUITests.xctest"; sourceTree = BUILT_PRODUCTS_DIR; };
		D01EA8CE1EFCCD9D006FB508 /* App_InstallerUITests.m */ = {isa = PBXFileReference; lastKnownFileType = sourcecode.c.objc; path = App_InstallerUITests.m; sourceTree = "<group>"; };
		D01EA8D01EFCCD9D006FB508 /* Info.plist */ = {isa = PBXFileReference; lastKnownFileType = text.plist.xml; path = Info.plist; sourceTree = "<group>"; };
		D031667F1EFCD62400E8EB77 /* general.plist */ = {isa = PBXFileReference; fileEncoding = 4; lastKnownFileType = text.plist.xml; path = general.plist; sourceTree = "<group>"; };
		D055E2101F05C00D00421536 /* TwitterButtons.h */ = {isa = PBXFileReference; fileEncoding = 4; lastKnownFileType = sourcecode.c.h; path = TwitterButtons.h; sourceTree = "<group>"; };
		D055E2111F05C00D00421536 /* TwitterButtons.m */ = {isa = PBXFileReference; fileEncoding = 4; lastKnownFileType = sourcecode.c.objc; path = TwitterButtons.m; sourceTree = "<group>"; };
/* End PBXFileReference section */

/* Begin PBXFrameworksBuildPhase section */
		D01EA8A31EFCCD9D006FB508 /* Frameworks */ = {
			isa = PBXFrameworksBuildPhase;
			buildActionMask = 2147483647;
			files = (
			);
			runOnlyForDeploymentPostprocessing = 0;
		};
		D01EA8BC1EFCCD9D006FB508 /* Frameworks */ = {
			isa = PBXFrameworksBuildPhase;
			buildActionMask = 2147483647;
			files = (
			);
			runOnlyForDeploymentPostprocessing = 0;
		};
		D01EA8C71EFCCD9D006FB508 /* Frameworks */ = {
			isa = PBXFrameworksBuildPhase;
			buildActionMask = 2147483647;
			files = (
			);
			runOnlyForDeploymentPostprocessing = 0;
		};
/* End PBXFrameworksBuildPhase section */

/* Begin PBXGroup section */
		D01EA89D1EFCCD9D006FB508 = {
			isa = PBXGroup;
			children = (
				D01EA8A81EFCCD9D006FB508 /* App Installer */,
				D01EA8C21EFCCD9D006FB508 /* App InstallerTests */,
				D01EA8CD1EFCCD9D006FB508 /* App InstallerUITests */,
				D01EA8A71EFCCD9D006FB508 /* Products */,
			);
			sourceTree = "<group>";
		};
		D01EA8A71EFCCD9D006FB508 /* Products */ = {
			isa = PBXGroup;
			children = (
				D01EA8A61EFCCD9D006FB508 /* App Installer.app */,
				D01EA8BF1EFCCD9D006FB508 /* App InstallerTests.xctest */,
				D01EA8CA1EFCCD9D006FB508 /* App InstallerUITests.xctest */,
			);
			name = Products;
			sourceTree = "<group>";
		};
		D01EA8A81EFCCD9D006FB508 /* App Installer */ = {
			isa = PBXGroup;
			children = (
				D01EA8AC1EFCCD9D006FB508 /* AppDelegate.h */,
				D01EA8AD1EFCCD9D006FB508 /* AppDelegate.m */,
				D01EA8AF1EFCCD9D006FB508 /* ViewController.h */,
				D01EA8B01EFCCD9D006FB508 /* ViewController.m */,
				D01EA8B21EFCCD9D006FB508 /* Main.storyboard */,
				D01EA8B51EFCCD9D006FB508 /* Assets.xcassets */,
				D01EA8BA1EFCCD9D006FB508 /* Info.plist */,
				D01EA8A91EFCCD9D006FB508 /* Supporting Files */,
				D055E2131F05C01400421536 /* Button classes */,
			);
			path = "App Installer";
			sourceTree = "<group>";
		};
		D01EA8A91EFCCD9D006FB508 /* Supporting Files */ = {
			isa = PBXGroup;
			children = (
				D031667F1EFCD62400E8EB77 /* general.plist */,
				D01EA8AA1EFCCD9D006FB508 /* main.m */,
			);
			name = "Supporting Files";
			sourceTree = "<group>";
		};
		D01EA8C21EFCCD9D006FB508 /* App InstallerTests */ = {
			isa = PBXGroup;
			children = (
				D01EA8C31EFCCD9D006FB508 /* App_InstallerTests.m */,
				D01EA8C51EFCCD9D006FB508 /* Info.plist */,
			);
			path = "App InstallerTests";
			sourceTree = "<group>";
		};
		D01EA8CD1EFCCD9D006FB508 /* App InstallerUITests */ = {
			isa = PBXGroup;
			children = (
				D01EA8CE1EFCCD9D006FB508 /* App_InstallerUITests.m */,
				D01EA8D01EFCCD9D006FB508 /* Info.plist */,
			);
			path = "App InstallerUITests";
			sourceTree = "<group>";
		};
		D055E2131F05C01400421536 /* Button classes */ = {
			isa = PBXGroup;
			children = (
				C3B543FD1F02937F000128D3 /* InstallButton.h */,
				C3B543FE1F02937F000128D3 /* InstallButton.m */,
				D055E2101F05C00D00421536 /* TwitterButtons.h */,
				D055E2111F05C00D00421536 /* TwitterButtons.m */,
			);
			name = "Button classes";
			sourceTree = "<group>";
		};
/* End PBXGroup section */

/* Begin PBXNativeTarget section */
		D01EA8A51EFCCD9D006FB508 /* App Installer */ = {
			isa = PBXNativeTarget;
			buildConfigurationList = D01EA8D31EFCCD9D006FB508 /* Build configuration list for PBXNativeTarget "App Installer" */;
			buildPhases = (
				D01EA8A21EFCCD9D006FB508 /* Sources */,
				D01EA8A31EFCCD9D006FB508 /* Frameworks */,
				D01EA8A41EFCCD9D006FB508 /* Resources */,
			);
			buildRules = (
			);
			dependencies = (
			);
			name = "App Installer";
			productName = "App Installer";
			productReference = D01EA8A61EFCCD9D006FB508 /* App Installer.app */;
			productType = "com.apple.product-type.application";
		};
		D01EA8BE1EFCCD9D006FB508 /* App InstallerTests */ = {
			isa = PBXNativeTarget;
			buildConfigurationList = D01EA8D61EFCCD9D006FB508 /* Build configuration list for PBXNativeTarget "App InstallerTests" */;
			buildPhases = (
				D01EA8BB1EFCCD9D006FB508 /* Sources */,
				D01EA8BC1EFCCD9D006FB508 /* Frameworks */,
				D01EA8BD1EFCCD9D006FB508 /* Resources */,
			);
			buildRules = (
			);
			dependencies = (
				D01EA8C11EFCCD9D006FB508 /* PBXTargetDependency */,
			);
			name = "App InstallerTests";
			productName = "App InstallerTests";
			productReference = D01EA8BF1EFCCD9D006FB508 /* App InstallerTests.xctest */;
			productType = "com.apple.product-type.bundle.unit-test";
		};
		D01EA8C91EFCCD9D006FB508 /* App InstallerUITests */ = {
			isa = PBXNativeTarget;
			buildConfigurationList = D01EA8D91EFCCD9D006FB508 /* Build configuration list for PBXNativeTarget "App InstallerUITests" */;
			buildPhases = (
				D01EA8C61EFCCD9D006FB508 /* Sources */,
				D01EA8C71EFCCD9D006FB508 /* Frameworks */,
				D01EA8C81EFCCD9D006FB508 /* Resources */,
			);
			buildRules = (
			);
			dependencies = (
				D01EA8CC1EFCCD9D006FB508 /* PBXTargetDependency */,
			);
			name = "App InstallerUITests";
			productName = "App InstallerUITests";
			productReference = D01EA8CA1EFCCD9D006FB508 /* App InstallerUITests.xctest */;
			productType = "com.apple.product-type.bundle.ui-testing";
		};
/* End PBXNativeTarget section */

/* Begin PBXProject section */
		D01EA89E1EFCCD9D006FB508 /* Project object */ = {
			isa = PBXProject;
			attributes = {
				LastUpgradeCheck = 0830;
				ORGANIZATIONNAME = "Low Budget Animation Studios";
				TargetAttributes = {
					D01EA8A51EFCCD9D006FB508 = {
						CreatedOnToolsVersion = 8.3.3;
						DevelopmentTeam = 5RL29674RT;
						ProvisioningStyle = Automatic;
					};
					D01EA8BE1EFCCD9D006FB508 = {
						CreatedOnToolsVersion = 8.3.3;
						DevelopmentTeam = 5RL29674RT;
						ProvisioningStyle = Automatic;
						TestTargetID = D01EA8A51EFCCD9D006FB508;
					};
					D01EA8C91EFCCD9D006FB508 = {
						CreatedOnToolsVersion = 8.3.3;
						DevelopmentTeam = 5RL29674RT;
						ProvisioningStyle = Automatic;
						TestTargetID = D01EA8A51EFCCD9D006FB508;
					};
				};
			};
			buildConfigurationList = D01EA8A11EFCCD9D006FB508 /* Build configuration list for PBXProject "App Installer" */;
			compatibilityVersion = "Xcode 3.2";
			developmentRegion = English;
			hasScannedForEncodings = 0;
			knownRegions = (
				en,
				Base,
			);
			mainGroup = D01EA89D1EFCCD9D006FB508;
			productRefGroup = D01EA8A71EFCCD9D006FB508 /* Products */;
			projectDirPath = "";
			projectRoot = "";
			targets = (
				D01EA8A51EFCCD9D006FB508 /* App Installer */,
				D01EA8BE1EFCCD9D006FB508 /* App InstallerTests */,
				D01EA8C91EFCCD9D006FB508 /* App InstallerUITests */,
			);
		};
/* End PBXProject section */

/* Begin PBXResourcesBuildPhase section */
		D01EA8A41EFCCD9D006FB508 /* Resources */ = {
			isa = PBXResourcesBuildPhase;
			buildActionMask = 2147483647;
			files = (
				D03166801EFCD62400E8EB77 /* general.plist in Resources */,
				D01EA8B61EFCCD9D006FB508 /* Assets.xcassets in Resources */,
				D01EA8B41EFCCD9D006FB508 /* Main.storyboard in Resources */,
			);
			runOnlyForDeploymentPostprocessing = 0;
		};
		D01EA8BD1EFCCD9D006FB508 /* Resources */ = {
			isa = PBXResourcesBuildPhase;
			buildActionMask = 2147483647;
			files = (
			);
			runOnlyForDeploymentPostprocessing = 0;
		};
		D01EA8C81EFCCD9D006FB508 /* Resources */ = {
			isa = PBXResourcesBuildPhase;
			buildActionMask = 2147483647;
			files = (
			);
			runOnlyForDeploymentPostprocessing = 0;
		};
/* End PBXResourcesBuildPhase section */

/* Begin PBXSourcesBuildPhase section */
		D01EA8A21EFCCD9D006FB508 /* Sources */ = {
			isa = PBXSourcesBuildPhase;
			buildActionMask = 2147483647;
			files = (
				D01EA8B11EFCCD9D006FB508 /* ViewController.m in Sources */,
				C3B543FF1F02937F000128D3 /* InstallButton.m in Sources */,
				D01EA8AE1EFCCD9D006FB508 /* AppDelegate.m in Sources */,
				D055E2121F05C00D00421536 /* TwitterButtons.m in Sources */,
				D01EA8AB1EFCCD9D006FB508 /* main.m in Sources */,
			);
			runOnlyForDeploymentPostprocessing = 0;
		};
		D01EA8BB1EFCCD9D006FB508 /* Sources */ = {
			isa = PBXSourcesBuildPhase;
			buildActionMask = 2147483647;
			files = (
				D01EA8C41EFCCD9D006FB508 /* App_InstallerTests.m in Sources */,
			);
			runOnlyForDeploymentPostprocessing = 0;
		};
		D01EA8C61EFCCD9D006FB508 /* Sources */ = {
			isa = PBXSourcesBuildPhase;
			buildActionMask = 2147483647;
			files = (
				D01EA8CF1EFCCD9D006FB508 /* App_InstallerUITests.m in Sources */,
			);
			runOnlyForDeploymentPostprocessing = 0;
		};
/* End PBXSourcesBuildPhase section */

/* Begin PBXTargetDependency section */
		D01EA8C11EFCCD9D006FB508 /* PBXTargetDependency */ = {
			isa = PBXTargetDependency;
			target = D01EA8A51EFCCD9D006FB508 /* App Installer */;
			targetProxy = D01EA8C01EFCCD9D006FB508 /* PBXContainerItemProxy */;
		};
		D01EA8CC1EFCCD9D006FB508 /* PBXTargetDependency */ = {
			isa = PBXTargetDependency;
			target = D01EA8A51EFCCD9D006FB508 /* App Installer */;
			targetProxy = D01EA8CB1EFCCD9D006FB508 /* PBXContainerItemProxy */;
		};
/* End PBXTargetDependency section */

/* Begin PBXVariantGroup section */
		D01EA8B21EFCCD9D006FB508 /* Main.storyboard */ = {
			isa = PBXVariantGroup;
			children = (
				D01EA8B31EFCCD9D006FB508 /* Base */,
			);
			name = Main.storyboard;
			sourceTree = "<group>";
		};
/* End PBXVariantGroup section */

/* Begin XCBuildConfiguration section */
		D01EA8D11EFCCD9D006FB508 /* Debug */ = {
			isa = XCBuildConfiguration;
			buildSettings = {
				ALWAYS_SEARCH_USER_PATHS = NO;
				CLANG_ANALYZER_NONNULL = YES;
				CLANG_ANALYZER_NUMBER_OBJECT_CONVERSION = YES_AGGRESSIVE;
				CLANG_CXX_LANGUAGE_STANDARD = "gnu++0x";
				CLANG_CXX_LIBRARY = "libc++";
				CLANG_ENABLE_MODULES = YES;
				CLANG_ENABLE_OBJC_ARC = YES;
				CLANG_WARN_BOOL_CONVERSION = YES;
				CLANG_WARN_CONSTANT_CONVERSION = YES;
				CLANG_WARN_DIRECT_OBJC_ISA_USAGE = YES_ERROR;
				CLANG_WARN_DOCUMENTATION_COMMENTS = YES;
				CLANG_WARN_EMPTY_BODY = YES;
				CLANG_WARN_ENUM_CONVERSION = YES;
				CLANG_WARN_INFINITE_RECURSION = YES;
				CLANG_WARN_INT_CONVERSION = YES;
				CLANG_WARN_OBJC_ROOT_CLASS = YES_ERROR;
				CLANG_WARN_SUSPICIOUS_MOVE = YES;
				CLANG_WARN_UNREACHABLE_CODE = YES;
				CLANG_WARN__DUPLICATE_METHOD_MATCH = YES;
				"CODE_SIGN_IDENTITY[sdk=iphoneos*]" = "iPhone Developer";
				COPY_PHASE_STRIP = NO;
				DEBUG_INFORMATION_FORMAT = dwarf;
				ENABLE_STRICT_OBJC_MSGSEND = YES;
				ENABLE_TESTABILITY = YES;
				GCC_C_LANGUAGE_STANDARD = gnu99;
				GCC_DYNAMIC_NO_PIC = NO;
				GCC_NO_COMMON_BLOCKS = YES;
				GCC_OPTIMIZATION_LEVEL = 0;
				GCC_PREPROCESSOR_DEFINITIONS = (
					"DEBUG=1",
					"$(inherited)",
				);
				GCC_WARN_64_TO_32_BIT_CONVERSION = YES;
				GCC_WARN_ABOUT_RETURN_TYPE = YES_ERROR;
				GCC_WARN_UNDECLARED_SELECTOR = YES;
				GCC_WARN_UNINITIALIZED_AUTOS = YES_AGGRESSIVE;
				GCC_WARN_UNUSED_FUNCTION = YES;
				GCC_WARN_UNUSED_VARIABLE = YES;
				IPHONEOS_DEPLOYMENT_TARGET = 9.0;
				MTL_ENABLE_DEBUG_INFO = YES;
				ONLY_ACTIVE_ARCH = YES;
				SDKROOT = iphoneos;
				TARGETED_DEVICE_FAMILY = "1,2";
			};
			name = Debug;
		};
		D01EA8D21EFCCD9D006FB508 /* Release */ = {
			isa = XCBuildConfiguration;
			buildSettings = {
				ALWAYS_SEARCH_USER_PATHS = NO;
				CLANG_ANALYZER_NONNULL = YES;
				CLANG_ANALYZER_NUMBER_OBJECT_CONVERSION = YES_AGGRESSIVE;
				CLANG_CXX_LANGUAGE_STANDARD = "gnu++0x";
				CLANG_CXX_LIBRARY = "libc++";
				CLANG_ENABLE_MODULES = YES;
				CLANG_ENABLE_OBJC_ARC = YES;
				CLANG_WARN_BOOL_CONVERSION = YES;
				CLANG_WARN_CONSTANT_CONVERSION = YES;
				CLANG_WARN_DIRECT_OBJC_ISA_USAGE = YES_ERROR;
				CLANG_WARN_DOCUMENTATION_COMMENTS = YES;
				CLANG_WARN_EMPTY_BODY = YES;
				CLANG_WARN_ENUM_CONVERSION = YES;
				CLANG_WARN_INFINITE_RECURSION = YES;
				CLANG_WARN_INT_CONVERSION = YES;
				CLANG_WARN_OBJC_ROOT_CLASS = YES_ERROR;
				CLANG_WARN_SUSPICIOUS_MOVE = YES;
				CLANG_WARN_UNREACHABLE_CODE = YES;
				CLANG_WARN__DUPLICATE_METHOD_MATCH = YES;
				"CODE_SIGN_IDENTITY[sdk=iphoneos*]" = "iPhone Developer";
				COPY_PHASE_STRIP = NO;
				DEBUG_INFORMATION_FORMAT = "dwarf-with-dsym";
				ENABLE_NS_ASSERTIONS = NO;
				ENABLE_STRICT_OBJC_MSGSEND = YES;
				GCC_C_LANGUAGE_STANDARD = gnu99;
				GCC_NO_COMMON_BLOCKS = YES;
				GCC_WARN_64_TO_32_BIT_CONVERSION = YES;
				GCC_WARN_ABOUT_RETURN_TYPE = YES_ERROR;
				GCC_WARN_UNDECLARED_SELECTOR = YES;
				GCC_WARN_UNINITIALIZED_AUTOS = YES_AGGRESSIVE;
				GCC_WARN_UNUSED_FUNCTION = YES;
				GCC_WARN_UNUSED_VARIABLE = YES;
				IPHONEOS_DEPLOYMENT_TARGET = 9.0;
				MTL_ENABLE_DEBUG_INFO = NO;
				SDKROOT = iphoneos;
				TARGETED_DEVICE_FAMILY = "1,2";
				VALIDATE_PRODUCT = YES;
			};
			name = Release;
		};
		D01EA8D41EFCCD9D006FB508 /* Debug */ = {
			isa = XCBuildConfiguration;
			buildSettings = {
				ASSETCATALOG_COMPILER_APPICON_NAME = AppIcon;
				DEVELOPMENT_TEAM = 5RL29674RT;
				HEADER_SEARCH_PATHS = (
					HEADER_SEARCH_PATHS,
					"=",
					"$(SDKROOT)/usr/include/libxml2",
				);
				INFOPLIST_FILE = "App Installer/Info.plist";
				LD_RUNPATH_SEARCH_PATHS = "$(inherited) @executable_path/Frameworks";
				PRODUCT_BUNDLE_IDENTIFIER = "com.lbastudios.App-Installer";
				PRODUCT_NAME = "$(TARGET_NAME)";
			};
			name = Debug;
		};
		D01EA8D51EFCCD9D006FB508 /* Release */ = {
			isa = XCBuildConfiguration;
			buildSettings = {
				ASSETCATALOG_COMPILER_APPICON_NAME = AppIcon;
				DEVELOPMENT_TEAM = 5RL29674RT;
				HEADER_SEARCH_PATHS = (
					HEADER_SEARCH_PATHS,
					"=",
					"$(SDKROOT)/usr/include/libxml2",
				);
				INFOPLIST_FILE = "App Installer/Info.plist";
				LD_RUNPATH_SEARCH_PATHS = "$(inherited) @executable_path/Frameworks";
				PRODUCT_BUNDLE_IDENTIFIER = "com.lbastudios.App-Installer";
				PRODUCT_NAME = "$(TARGET_NAME)";
			};
			name = Release;
		};
		D01EA8D71EFCCD9D006FB508 /* Debug */ = {
			isa = XCBuildConfiguration;
			buildSettings = {
				BUNDLE_LOADER = "$(TEST_HOST)";
				DEVELOPMENT_TEAM = 5RL29674RT;
				INFOPLIST_FILE = "App InstallerTests/Info.plist";
				LD_RUNPATH_SEARCH_PATHS = "$(inherited) @executable_path/Frameworks @loader_path/Frameworks";
				PRODUCT_BUNDLE_IDENTIFIER = "com.lbastudios.App-InstallerTests";
				PRODUCT_NAME = "$(TARGET_NAME)";
				TEST_HOST = "$(BUILT_PRODUCTS_DIR)/App Installer.app/App Installer";
			};
			name = Debug;
		};
		D01EA8D81EFCCD9D006FB508 /* Release */ = {
			isa = XCBuildConfiguration;
			buildSettings = {
				BUNDLE_LOADER = "$(TEST_HOST)";
				DEVELOPMENT_TEAM = 5RL29674RT;
				INFOPLIST_FILE = "App InstallerTests/Info.plist";
				LD_RUNPATH_SEARCH_PATHS = "$(inherited) @executable_path/Frameworks @loader_path/Frameworks";
				PRODUCT_BUNDLE_IDENTIFIER = "com.lbastudios.App-InstallerTests";
				PRODUCT_NAME = "$(TARGET_NAME)";
				TEST_HOST = "$(BUILT_PRODUCTS_DIR)/App Installer.app/App Installer";
			};
			name = Release;
		};
		D01EA8DA1EFCCD9D006FB508 /* Debug */ = {
			isa = XCBuildConfiguration;
			buildSettings = {
				DEVELOPMENT_TEAM = 5RL29674RT;
				INFOPLIST_FILE = "App InstallerUITests/Info.plist";
				LD_RUNPATH_SEARCH_PATHS = "$(inherited) @executable_path/Frameworks @loader_path/Frameworks";
				PRODUCT_BUNDLE_IDENTIFIER = "com.lbastudios.App-InstallerUITests";
				PRODUCT_NAME = "$(TARGET_NAME)";
				TEST_TARGET_NAME = "App Installer";
			};
			name = Debug;
		};
		D01EA8DB1EFCCD9D006FB508 /* Release */ = {
			isa = XCBuildConfiguration;
			buildSettings = {
				DEVELOPMENT_TEAM = 5RL29674RT;
				INFOPLIST_FILE = "App InstallerUITests/Info.plist";
				LD_RUNPATH_SEARCH_PATHS = "$(inherited) @executable_path/Frameworks @loader_path/Frameworks";
				PRODUCT_BUNDLE_IDENTIFIER = "com.lbastudios.App-InstallerUITests";
				PRODUCT_NAME = "$(TARGET_NAME)";
				TEST_TARGET_NAME = "App Installer";
			};
			name = Release;
		};
/* End XCBuildConfiguration section */

/* Begin XCConfigurationList section */
		D01EA8A11EFCCD9D006FB508 /* Build configuration list for PBXProject "App Installer" */ = {
			isa = XCConfigurationList;
			buildConfigurations = (
				D01EA8D11EFCCD9D006FB508 /* Debug */,
				D01EA8D21EFCCD9D006FB508 /* Release */,
			);
			defaultConfigurationIsVisible = 0;
			defaultConfigurationName = Release;
		};
		D01EA8D31EFCCD9D006FB508 /* Build configuration list for PBXNativeTarget "App Installer" */ = {
			isa = XCConfigurationList;
			buildConfigurations = (
				D01EA8D41EFCCD9D006FB508 /* Debug */,
				D01EA8D51EFCCD9D006FB508 /* Release */,
			);
			defaultConfigurationIsVisible = 0;
			defaultConfigurationName = Release;
		};
		D01EA8D61EFCCD9D006FB508 /* Build configuration list for PBXNativeTarget "App InstallerTests" */ = {
			isa = XCConfigurationList;
			buildConfigurations = (
				D01EA8D71EFCCD9D006FB508 /* Debug */,
				D01EA8D81EFCCD9D006FB508 /* Release */,
			);
			defaultConfigurationIsVisible = 0;
			defaultConfigurationName = Release;
		};
		D01EA8D91EFCCD9D006FB508 /* Build configuration list for PBXNativeTarget "App InstallerUITests" */ = {
			isa = XCConfigurationList;
			buildConfigurations = (
				D01EA8DA1EFCCD9D006FB508 /* Debug */,
				D01EA8DB1EFCCD9D006FB508 /* Release */,
			);
			defaultConfigurationIsVisible = 0;
			defaultConfigurationName = Release;
		};
/* End XCConfigurationList section */
	};
	rootObject = D01EA89E1EFCCD9D006FB508 /* Project object */;
}
